
Microsoft Visual Studio Solution File, Format Version 12.00
# Visual Studio Version 16
VisualStudioVersion = 16.0.31005.135
MinimumVisualStudioVersion = 10.0.40219.1
Project("{9A19103F-16F7-4668-BE54-9A1E7A4F7556}") = "SuperCalc", "SuperCalc\SuperCalc.csproj", "{9A139403-8A0A-4CF6-B395-C44BE764CEDA}"
EndProject
Project("{FAE04EC0-301F-11D3-BF4B-00C04F79EFBC}") = "SuperCalcTests", "SuperCalcTests\SuperCalcTests.csproj", "{13C1BBA5-CCC6-4379-BC68-7A12CFAA7A0F}"
EndProject
Global
	GlobalSection(SolutionConfigurationPlatforms) = preSolution
		Debug|Any CPU = Debug|Any CPU
		Release|Any CPU = Release|Any CPU
	EndGlobalSection
	GlobalSection(ProjectConfigurationPlatforms) = postSolution
		{9A139403-8A0A-4CF6-B395-C44BE764CEDA}.Debug|Any CPU.ActiveCfg = Debug|Any CPU
		{9A139403-8A0A-4CF6-B395-C44BE764CEDA}.Debug|Any CPU.Build.0 = Debug|Any CPU
		{9A139403-8A0A-4CF6-B395-C44BE764CEDA}.Release|Any CPU.ActiveCfg = Release|Any CPU
		{9A139403-8A0A-4CF6-B395-C44BE764CEDA}.Release|Any CPU.Build.0 = Release|Any CPU
		{13C1BBA5-CCC6-4379-BC68-7A12CFAA7A0F}.Debug|Any CPU.ActiveCfg = Debug|Any CPU
		{13C1BBA5-CCC6-4379-BC68-7A12CFAA7A0F}.Debug|Any CPU.Build.0 = Debug|Any CPU
		{13C1BBA5-CCC6-4379-BC68-7A12CFAA7A0F}.Release|Any CPU.ActiveCfg = Release|Any CPU
		{13C1BBA5-CCC6-4379-BC68-7A12CFAA7A0F}.Release|Any CPU.Build.0 = Release|Any CPU
	EndGlobalSection
	GlobalSection(SolutionProperties) = preSolution
		HideSolutionNode = FALSE
	EndGlobalSection
	GlobalSection(ExtensibilityGlobals) = postSolution
		SolutionGuid = {BDD8B4A3-E5D8-4A3E-989A-691469EB2BBB}
	EndGlobalSection
EndGlobal
